// !$*UTF8*$!
{
	archiveVersion = 1;
	classes = {
	};
	objectVersion = 56;
	objects = {

/* Begin PBXBuildFile section */
		1B0F90D52B98DE1100243F12 /* iMpressionsApp.swift in Sources */ = {isa = PBXBuildFile; fileRef = 1B0F90D42B98DE1100243F12 /* iMpressionsApp.swift */; };
		1B0F90D72B98DE1100243F12 /* MediaListView.swift in Sources */ = {isa = PBXBuildFile; fileRef = 1B0F90D62B98DE1100243F12 /* MediaListView.swift */; };
		1B0F90D92B98DE1200243F12 /* Assets.xcassets in Resources */ = {isa = PBXBuildFile; fileRef = 1B0F90D82B98DE1200243F12 /* Assets.xcassets */; };
		1B0F90DC2B98DE1200243F12 /* Preview Assets.xcassets in Resources */ = {isa = PBXBuildFile; fileRef = 1B0F90DB2B98DE1200243F12 /* Preview Assets.xcassets */; };
		1B0F90E32B98DE7300243F12 /* Media.swift in Sources */ = {isa = PBXBuildFile; fileRef = 1B0F90E22B98DE7300243F12 /* Media.swift */; };
		1B0F90E52B98E2A400243F12 /* NewMediaView.swift in Sources */ = {isa = PBXBuildFile; fileRef = 1B0F90E42B98E2A400243F12 /* NewMediaView.swift */; };
/* End PBXBuildFile section */

/* Begin PBXFileReference section */
		1B0F90D12B98DE1100243F12 /* iMpressions.app */ = {isa = PBXFileReference; explicitFileType = wrapper.application; includeInIndex = 0; path = iMpressions.app; sourceTree = BUILT_PRODUCTS_DIR; };
		1B0F90D42B98DE1100243F12 /* iMpressionsApp.swift */ = {isa = PBXFileReference; lastKnownFileType = sourcecode.swift; path = iMpressionsApp.swift; sourceTree = "<group>"; };
		1B0F90D62B98DE1100243F12 /* MediaListView.swift */ = {isa = PBXFileReference; lastKnownFileType = sourcecode.swift; path = MediaListView.swift; sourceTree = "<group>"; };
		1B0F90D82B98DE1200243F12 /* Assets.xcassets */ = {isa = PBXFileReference; lastKnownFileType = folder.assetcatalog; path = Assets.xcassets; sourceTree = "<group>"; };
		1B0F90DB2B98DE1200243F12 /* Preview Assets.xcassets */ = {isa = PBXFileReference; lastKnownFileType = folder.assetcatalog; path = "Preview Assets.xcassets"; sourceTree = "<group>"; };
		1B0F90E22B98DE7300243F12 /* Media.swift */ = {isa = PBXFileReference; lastKnownFileType = sourcecode.swift; path = Media.swift; sourceTree = "<group>"; };
		1B0F90E42B98E2A400243F12 /* NewMediaView.swift */ = {isa = PBXFileReference; lastKnownFileType = sourcecode.swift; path = NewMediaView.swift; sourceTree = "<group>"; };
/* End PBXFileReference section */

/* Begin PBXFrameworksBuildPhase section */
		1B0F90CE2B98DE1100243F12 /* Frameworks */ = {
			isa = PBXFrameworksBuildPhase;
			buildActionMask = 2147483647;
			files = (
			);
			runOnlyForDeploymentPostprocessing = 0;
		};
/* End PBXFrameworksBuildPhase section */

/* Begin PBXGroup section */
		1B0F90C82B98DE1100243F12 = {
			isa = PBXGroup;
			children = (
				1B0F90D32B98DE1100243F12 /* iMpressions */,
				1B0F90D22B98DE1100243F12 /* Products */,
			);
			sourceTree = "<group>";
		};
		1B0F90D22B98DE1100243F12 /* Products */ = {
			isa = PBXGroup;
			children = (
				1B0F90D12B98DE1100243F12 /* iMpressions.app */,
			);
			name = Products;
			sourceTree = "<group>";
		};
		1B0F90D32B98DE1100243F12 /* iMpressions */ = {
			isa = PBXGroup;
			children = (
				1B0F90D42B98DE1100243F12 /* iMpressionsApp.swift */,
				1B0F90D62B98DE1100243F12 /* MediaListView.swift */,
				1B0F90E42B98E2A400243F12 /* NewMediaView.swift */,
				1B0F90E22B98DE7300243F12 /* Media.swift */,
				1B0F90D82B98DE1200243F12 /* Assets.xcassets */,
				1B0F90DA2B98DE1200243F12 /* Preview Content */,
			);
			path = iMpressions;
			sourceTree = "<group>";
		};
		1B0F90DA2B98DE1200243F12 /* Preview Content */ = {
			isa = PBXGroup;
			children = (
				1B0F90DB2B98DE1200243F12 /* Preview Assets.xcassets */,
			);
			path = "Preview Content";
			sourceTree = "<group>";
		};
/* End PBXGroup section */

/* Begin PBXNativeTarget section */
		1B0F90D02B98DE1100243F12 /* iMpressions */ = {
			isa = PBXNativeTarget;
			buildConfigurationList = 1B0F90DF2B98DE1200243F12 /* Build configuration list for PBXNativeTarget "iMpressions" */;
			buildPhases = (
				1B0F90CD2B98DE1100243F12 /* Sources */,
				1B0F90CE2B98DE1100243F12 /* Frameworks */,
				1B0F90CF2B98DE1100243F12 /* Resources */,
			);
			buildRules = (
			);
			dependencies = (
			);
			name = iMpressions;
			productName = iMpressions;
			productReference = 1B0F90D12B98DE1100243F12 /* iMpressions.app */;
			productType = "com.apple.product-type.application";
		};
/* End PBXNativeTarget section */

/* Begin PBXProject section */
		1B0F90C92B98DE1100243F12 /* Project object */ = {
			isa = PBXProject;
			attributes = {
				BuildIndependentTargetsInParallel = 1;
				LastSwiftUpdateCheck = 1530;
				LastUpgradeCheck = 1530;
				TargetAttributes = {
					1B0F90D02B98DE1100243F12 = {
						CreatedOnToolsVersion = 15.3;
					};
				};
			};
			buildConfigurationList = 1B0F90CC2B98DE1100243F12 /* Build configuration list for PBXProject "iMpressions" */;
			compatibilityVersion = "Xcode 14.0";
			developmentRegion = en;
			hasScannedForEncodings = 0;
			knownRegions = (
				en,
				Base,
			);
			mainGroup = 1B0F90C82B98DE1100243F12;
			productRefGroup = 1B0F90D22B98DE1100243F12 /* Products */;
			projectDirPath = "";
			projectRoot = "";
			targets = (
				1B0F90D02B98DE1100243F12 /* iMpressions */,
			);
		};
/* End PBXProject section */

/* Begin PBXResourcesBuildPhase section */
		1B0F90CF2B98DE1100243F12 /* Resources */ = {
			isa = PBXResourcesBuildPhase;
			buildActionMask = 2147483647;
			files = (
				1B0F90DC2B98DE1200243F12 /* Preview Assets.xcassets in Resources */,
				1B0F90D92B98DE1200243F12 /* Assets.xcassets in Resources */,
			);
			runOnlyForDeploymentPostprocessing = 0;
		};
/* End PBXResourcesBuildPhase section */

/* Begin PBXSourcesBuildPhase section */
		1B0F90CD2B98DE1100243F12 /* Sources */ = {
			isa = PBXSourcesBuildPhase;
			buildActionMask = 2147483647;
			files = (
				1B0F90E52B98E2A400243F12 /* NewMediaView.swift in Sources */,
				1B0F90D72B98DE1100243F12 /* MediaListView.swift in Sources */,
				1B0F90D52B98DE1100243F12 /* iMpressionsApp.swift in Sources */,
				1B0F90E32B98DE7300243F12 /* Media.swift in Sources */,
			);
			runOnlyForDeploymentPostprocessing = 0;
		};
/* End PBXSourcesBuildPhase section */

/* Begin XCBuildConfiguration section */
		1B0F90DD2B98DE1200243F12 /* Debug */ = {
			isa = XCBuildConfiguration;
			buildSettings = {
				ALWAYS_SEARCH_USER_PATHS = NO;
				ASSETCATALOG_COMPILER_GENERATE_SWIFT_ASSET_SYMBOL_EXTENSIONS = YES;
				CLANG_ANALYZER_NONNULL = YES;
				CLANG_ANALYZER_NUMBER_OBJECT_CONVERSION = YES_AGGRESSIVE;
				CLANG_CXX_LANGUAGE_STANDARD = "gnu++20";
				CLANG_ENABLE_MODULES = YES;
				CLANG_ENABLE_OBJC_ARC = YES;
				CLANG_ENABLE_OBJC_WEAK = YES;
				CLANG_WARN_BLOCK_CAPTURE_AUTORELEASING = YES;
				CLANG_WARN_BOOL_CONVERSION = YES;
				CLANG_WARN_COMMA = YES;
				CLANG_WARN_CONSTANT_CONVERSION = YES;
				CLANG_WARN_DEPRECATED_OBJC_IMPLEMENTATIONS = YES;
				CLANG_WARN_DIRECT_OBJC_ISA_USAGE = YES_ERROR;
				CLANG_WARN_DOCUMENTATION_COMMENTS = YES;
				CLANG_WARN_EMPTY_BODY = YES;
				CLANG_WARN_ENUM_CONVERSION = YES;
				CLANG_WARN_INFINITE_RECURSION = YES;
				CLANG_WARN_INT_CONVERSION = YES;
				CLANG_WARN_NON_LITERAL_NULL_CONVERSION = YES;
				CLANG_WARN_OBJC_IMPLICIT_RETAIN_SELF = YES;
				CLANG_WARN_OBJC_LITERAL_CONVERSION = YES;
				CLANG_WARN_OBJC_ROOT_CLASS = YES_ERROR;
				CLANG_WARN_QUOTED_INCLUDE_IN_FRAMEWORK_HEADER = YES;
				CLANG_WARN_RANGE_LOOP_ANALYSIS = YES;
				CLANG_WARN_STRICT_PROTOTYPES = YES;
				CLANG_WARN_SUSPICIOUS_MOVE = YES;
				CLANG_WARN_UNGUARDED_AVAILABILITY = YES_AGGRESSIVE;
				CLANG_WARN_UNREACHABLE_CODE = YES;
				CLANG_WARN__DUPLICATE_METHOD_MATCH = YES;
				COPY_PHASE_STRIP = NO;
				DEBUG_INFORMATION_FORMAT = dwarf;
				ENABLE_STRICT_OBJC_MSGSEND = YES;
				ENABLE_TESTABILITY = YES;
				ENABLE_USER_SCRIPT_SANDBOXING = YES;
				GCC_C_LANGUAGE_STANDARD = gnu17;
				GCC_DYNAMIC_NO_PIC = NO;
				GCC_NO_COMMON_BLOCKS = YES;
				GCC_OPTIMIZATION_LEVEL = 0;
				GCC_PREPROCESSOR_DEFINITIONS = (
					"DEBUG=1",
					"$(inherited)",
				);
				GCC_WARN_64_TO_32_BIT_CONVERSION = YES;
				GCC_WARN_ABOUT_RETURN_TYPE = YES_ERROR;
				GCC_WARN_UNDECLARED_SELECTOR = YES;
				GCC_WARN_UNINITIALIZED_AUTOS = YES_AGGRESSIVE;
				GCC_WARN_UNUSED_FUNCTION = YES;
				GCC_WARN_UNUSED_VARIABLE = YES;
				IPHONEOS_DEPLOYMENT_TARGET = 17.4;
				LOCALIZATION_PREFERS_STRING_CATALOGS = YES;
				MTL_ENABLE_DEBUG_INFO = INCLUDE_SOURCE;
				MTL_FAST_MATH = YES;
				ONLY_ACTIVE_ARCH = YES;
				SDKROOT = iphoneos;
				SWIFT_ACTIVE_COMPILATION_CONDITIONS = "DEBUG $(inherited)";
				SWIFT_OPTIMIZATION_LEVEL = "-Onone";
			};
			name = Debug;
		};
		1B0F90DE2B98DE1200243F12 /* Release */ = {
			isa = XCBuildConfiguration;
			buildSettings = {
				ALWAYS_SEARCH_USER_PATHS = NO;
				ASSETCATALOG_COMPILER_GENERATE_SWIFT_ASSET_SYMBOL_EXTENSIONS = YES;
				CLANG_ANALYZER_NONNULL = YES;
				CLANG_ANALYZER_NUMBER_OBJECT_CONVERSION = YES_AGGRESSIVE;
				CLANG_CXX_LANGUAGE_STANDARD = "gnu++20";
				CLANG_ENABLE_MODULES = YES;
				CLANG_ENABLE_OBJC_ARC = YES;
				CLANG_ENABLE_OBJC_WEAK = YES;
				CLANG_WARN_BLOCK_CAPTURE_AUTORELEASING = YES;
				CLANG_WARN_BOOL_CONVERSION = YES;
				CLANG_WARN_COMMA = YES;
				CLANG_WARN_CONSTANT_CONVERSION = YES;
				CLANG_WARN_DEPRECATED_OBJC_IMPLEMENTATIONS = YES;
				CLANG_WARN_DIRECT_OBJC_ISA_USAGE = YES_ERROR;
				CLANG_WARN_DOCUMENTATION_COMMENTS = YES;
				CLANG_WARN_EMPTY_BODY = YES;
				CLANG_WARN_ENUM_CONVERSION = YES;
				CLANG_WARN_INFINITE_RECURSION = YES;
				CLANG_WARN_INT_CONVERSION = YES;
				CLANG_WARN_NON_LITERAL_NULL_CONVERSION = YES;
				CLANG_WARN_OBJC_IMPLICIT_RETAIN_SELF = YES;
				CLANG_WARN_OBJC_LITERAL_CONVERSION = YES;
				CLANG_WARN_OBJC_ROOT_CLASS = YES_ERROR;
				CLANG_WARN_QUOTED_INCLUDE_IN_FRAMEWORK_HEADER = YES;
				CLANG_WARN_RANGE_LOOP_ANALYSIS = YES;
				CLANG_WARN_STRICT_PROTOTYPES = YES;
				CLANG_WARN_SUSPICIOUS_MOVE = YES;
				CLANG_WARN_UNGUARDED_AVAILABILITY = YES_AGGRESSIVE;
				CLANG_WARN_UNREACHABLE_CODE = YES;
				CLANG_WARN__DUPLICATE_METHOD_MATCH = YES;
				COPY_PHASE_STRIP = NO;
				DEBUG_INFORMATION_FORMAT = "dwarf-with-dsym";
				ENABLE_NS_ASSERTIONS = NO;
				ENABLE_STRICT_OBJC_MSGSEND = YES;
				ENABLE_USER_SCRIPT_SANDBOXING = YES;
				GCC_C_LANGUAGE_STANDARD = gnu17;
				GCC_NO_COMMON_BLOCKS = YES;
				GCC_WARN_64_TO_32_BIT_CONVERSION = YES;
				GCC_WARN_ABOUT_RETURN_TYPE = YES_ERROR;
				GCC_WARN_UNDECLARED_SELECTOR = YES;
				GCC_WARN_UNINITIALIZED_AUTOS = YES_AGGRESSIVE;
				GCC_WARN_UNUSED_FUNCTION = YES;
				GCC_WARN_UNUSED_VARIABLE = YES;
				IPHONEOS_DEPLOYMENT_TARGET = 17.4;
				LOCALIZATION_PREFERS_STRING_CATALOGS = YES;
				MTL_ENABLE_DEBUG_INFO = NO;
				MTL_FAST_MATH = YES;
				SDKROOT = iphoneos;
				SWIFT_COMPILATION_MODE = wholemodule;
				VALIDATE_PRODUCT = YES;
			};
			name = Release;
		};
		1B0F90E02B98DE1200243F12 /* Debug */ = {
			isa = XCBuildConfiguration;
			buildSettings = {
				ASSETCATALOG_COMPILER_APPICON_NAME = AppIcon;
				ASSETCATALOG_COMPILER_GLOBAL_ACCENT_COLOR_NAME = AccentColor;
				CODE_SIGN_STYLE = Automatic;
				CURRENT_PROJECT_VERSION = 1;
				DEVELOPMENT_ASSET_PATHS = "\"iMpressions/Preview Content\"";
				DEVELOPMENT_TEAM = PGPC7U357H;
				ENABLE_PREVIEWS = YES;
				GENERATE_INFOPLIST_FILE = YES;
				INFOPLIST_KEY_UIApplicationSceneManifest_Generation = YES;
				INFOPLIST_KEY_UIApplicationSupportsIndirectInputEvents = YES;
				INFOPLIST_KEY_UILaunchScreen_Generation = YES;
				INFOPLIST_KEY_UISupportedInterfaceOrientations_iPad = "UIInterfaceOrientationPortrait UIInterfaceOrientationPortraitUpsideDown UIInterfaceOrientationLandscapeLeft UIInterfaceOrientationLandscapeRight";
				INFOPLIST_KEY_UISupportedInterfaceOrientations_iPhone = "UIInterfaceOrientationPortrait UIInterfaceOrientationLandscapeLeft UIInterfaceOrientationLandscapeRight";
				LD_RUNPATH_SEARCH_PATHS = (
					"$(inherited)",
					"@executable_path/Frameworks",
				);
				MARKETING_VERSION = 1.0;
				PRODUCT_BUNDLE_IDENTIFIER = br.com.mellobirkan.iMpressions;
				PRODUCT_NAME = "$(TARGET_NAME)";
				SWIFT_EMIT_LOC_STRINGS = YES;
				SWIFT_VERSION = 5.0;
				TARGETED_DEVICE_FAMILY = "1,2";
			};
			name = Debug;
		};
		1B0F90E12B98DE1200243F12 /* Release */ = {
			isa = XCBuildConfiguration;
			buildSettings = {
				ASSETCATALOG_COMPILER_APPICON_NAME = AppIcon;
				ASSETCATALOG_COMPILER_GLOBAL_ACCENT_COLOR_NAME = AccentColor;
				CODE_SIGN_STYLE = Automatic;
				CURRENT_PROJECT_VERSION = 1;
				DEVELOPMENT_ASSET_PATHS = "\"iMpressions/Preview Content\"";
				DEVELOPMENT_TEAM = PGPC7U357H;
				ENABLE_PREVIEWS = YES;
				GENERATE_INFOPLIST_FILE = YES;
				INFOPLIST_KEY_UIApplicationSceneManifest_Generation = YES;
				INFOPLIST_KEY_UIApplicationSupportsIndirectInputEvents = YES;
				INFOPLIST_KEY_UILaunchScreen_Generation = YES;
				INFOPLIST_KEY_UISupportedInterfaceOrientations_iPad = "UIInterfaceOrientationPortrait UIInterfaceOrientationPortraitUpsideDown UIInterfaceOrientationLandscapeLeft UIInterfaceOrientationLandscapeRight";
				INFOPLIST_KEY_UISupportedInterfaceOrientations_iPhone = "UIInterfaceOrientationPortrait UIInterfaceOrientationLandscapeLeft UIInterfaceOrientationLandscapeRight";
				LD_RUNPATH_SEARCH_PATHS = (
					"$(inherited)",
					"@executable_path/Frameworks",
				);
				MARKETING_VERSION = 1.0;
				PRODUCT_BUNDLE_IDENTIFIER = br.com.mellobirkan.iMpressions;
				PRODUCT_NAME = "$(TARGET_NAME)";
				SWIFT_EMIT_LOC_STRINGS = YES;
				SWIFT_VERSION = 5.0;
				TARGETED_DEVICE_FAMILY = "1,2";
			};
			name = Release;
		};
/* End XCBuildConfiguration section */

/* Begin XCConfigurationList section */
		1B0F90CC2B98DE1100243F12 /* Build configuration list for PBXProject "iMpressions" */ = {
			isa = XCConfigurationList;
			buildConfigurations = (
				1B0F90DD2B98DE1200243F12 /* Debug */,
				1B0F90DE2B98DE1200243F12 /* Release */,
			);
			defaultConfigurationIsVisible = 0;
			defaultConfigurationName = Release;
		};
		1B0F90DF2B98DE1200243F12 /* Build configuration list for PBXNativeTarget "iMpressions" */ = {
			isa = XCConfigurationList;
			buildConfigurations = (
				1B0F90E02B98DE1200243F12 /* Debug */,
				1B0F90E12B98DE1200243F12 /* Release */,
			);
			defaultConfigurationIsVisible = 0;
			defaultConfigurationName = Release;
		};
/* End XCConfigurationList section */
	};
	rootObject = 1B0F90C92B98DE1100243F12 /* Project object */;
}
